# This file is generated by running "yarn install" inside your project.
# Manual changes might be lost - proceed with caution!

__metadata:
  version: 6
  cacheKey: 8

"@esbuild/android-arm64@npm:0.18.15":
  version: 0.18.15
  resolution: "@esbuild/android-arm64@npm:0.18.15"
  conditions: os=android & cpu=arm64
  languageName: node
  linkType: hard

"@esbuild/android-arm@npm:0.18.15":
  version: 0.18.15
  resolution: "@esbuild/android-arm@npm:0.18.15"
  conditions: os=android & cpu=arm
  languageName: node
  linkType: hard

"@esbuild/android-x64@npm:0.18.15":
  version: 0.18.15
  resolution: "@esbuild/android-x64@npm:0.18.15"
  conditions: os=android & cpu=x64
  languageName: node
  linkType: hard

"@esbuild/darwin-arm64@npm:0.18.15":
  version: 0.18.15
  resolution: "@esbuild/darwin-arm64@npm:0.18.15"
  conditions: os=darwin & cpu=arm64
  languageName: node
  linkType: hard

"@esbuild/darwin-x64@npm:0.18.15":
  version: 0.18.15
  resolution: "@esbuild/darwin-x64@npm:0.18.15"
  conditions: os=darwin & cpu=x64
  languageName: node
  linkType: hard

"@esbuild/freebsd-arm64@npm:0.18.15":
  version: 0.18.15
  resolution: "@esbuild/freebsd-arm64@npm:0.18.15"
  conditions: os=freebsd & cpu=arm64
  languageName: node
  linkType: hard

"@esbuild/freebsd-x64@npm:0.18.15":
  version: 0.18.15
  resolution: "@esbuild/freebsd-x64@npm:0.18.15"
  conditions: os=freebsd & cpu=x64
  languageName: node
  linkType: hard

"@esbuild/linux-arm64@npm:0.18.15":
  version: 0.18.15
  resolution: "@esbuild/linux-arm64@npm:0.18.15"
  conditions: os=linux & cpu=arm64
  languageName: node
  linkType: hard

"@esbuild/linux-arm@npm:0.18.15":
  version: 0.18.15
  resolution: "@esbuild/linux-arm@npm:0.18.15"
  conditions: os=linux & cpu=arm
  languageName: node
  linkType: hard

"@esbuild/linux-ia32@npm:0.18.15":
  version: 0.18.15
  resolution: "@esbuild/linux-ia32@npm:0.18.15"
  conditions: os=linux & cpu=ia32
  languageName: node
  linkType: hard

"@esbuild/linux-loong64@npm:0.18.15":
  version: 0.18.15
  resolution: "@esbuild/linux-loong64@npm:0.18.15"
  conditions: os=linux & cpu=loong64
  languageName: node
  linkType: hard

"@esbuild/linux-mips64el@npm:0.18.15":
  version: 0.18.15
  resolution: "@esbuild/linux-mips64el@npm:0.18.15"
  conditions: os=linux & cpu=mips64el
  languageName: node
  linkType: hard

"@esbuild/linux-ppc64@npm:0.18.15":
  version: 0.18.15
  resolution: "@esbuild/linux-ppc64@npm:0.18.15"
  conditions: os=linux & cpu=ppc64
  languageName: node
  linkType: hard

"@esbuild/linux-riscv64@npm:0.18.15":
  version: 0.18.15
  resolution: "@esbuild/linux-riscv64@npm:0.18.15"
  conditions: os=linux & cpu=riscv64
  languageName: node
  linkType: hard

"@esbuild/linux-s390x@npm:0.18.15":
  version: 0.18.15
  resolution: "@esbuild/linux-s390x@npm:0.18.15"
  conditions: os=linux & cpu=s390x
  languageName: node
  linkType: hard

"@esbuild/linux-x64@npm:0.18.15":
  version: 0.18.15
  resolution: "@esbuild/linux-x64@npm:0.18.15"
  conditions: os=linux & cpu=x64
  languageName: node
  linkType: hard

"@esbuild/netbsd-x64@npm:0.18.15":
  version: 0.18.15
  resolution: "@esbuild/netbsd-x64@npm:0.18.15"
  conditions: os=netbsd & cpu=x64
  languageName: node
  linkType: hard

"@esbuild/openbsd-x64@npm:0.18.15":
  version: 0.18.15
  resolution: "@esbuild/openbsd-x64@npm:0.18.15"
  conditions: os=openbsd & cpu=x64
  languageName: node
  linkType: hard

"@esbuild/sunos-x64@npm:0.18.15":
  version: 0.18.15
  resolution: "@esbuild/sunos-x64@npm:0.18.15"
  conditions: os=sunos & cpu=x64
  languageName: node
  linkType: hard

"@esbuild/win32-arm64@npm:0.18.15":
  version: 0.18.15
  resolution: "@esbuild/win32-arm64@npm:0.18.15"
  conditions: os=win32 & cpu=arm64
  languageName: node
  linkType: hard

"@esbuild/win32-ia32@npm:0.18.15":
  version: 0.18.15
  resolution: "@esbuild/win32-ia32@npm:0.18.15"
  conditions: os=win32 & cpu=ia32
  languageName: node
  linkType: hard

"@esbuild/win32-x64@npm:0.18.15":
  version: 0.18.15
  resolution: "@esbuild/win32-x64@npm:0.18.15"
  conditions: os=win32 & cpu=x64
  languageName: node
  linkType: hard

"@hotwired/stimulus@npm:^3.2.1":
  version: 3.2.1
  resolution: "@hotwired/stimulus@npm:3.2.1"
  checksum: 2617b10fb3ca0fb05205526693cbc9ea17fca84f40d8d95d0ce8d58f903aa74e020da858adc72f056f777f4854bdd7f5ee6d69810ecb17412af43d6ffb78997e
  languageName: node
  linkType: hard

"@hotwired/turbo-rails@npm:^7.3.0":
  version: 7.3.0
  resolution: "@hotwired/turbo-rails@npm:7.3.0"
  dependencies:
    "@hotwired/turbo": ^7.3.0
    "@rails/actioncable": ^7.0
  checksum: 14e29fc7abcf966b652aaa5494398bd4a18559843d57fd5f6db785b3e1d2541c09fcbb979ccbf1dd8ab50d362558ac6bf52a97ce5dc2bbf503059793058b9e97
  languageName: node
  linkType: hard

"@hotwired/turbo@npm:^7.3.0":
  version: 7.3.0
  resolution: "@hotwired/turbo@npm:7.3.0"
  checksum: ccc03c980e4b4636e48ea2132c7d28be1be4f4e6123f63905fbf871e7647369b5c6ce53301443b218d7abf68fa4897eaf614254688108ed6ae303c5040241a97
  languageName: node
  linkType: hard

"@rails/actioncable@npm:^7.0":
  version: 7.0.6
  resolution: "@rails/actioncable@npm:7.0.6"
  checksum: e05b67dbd6dc1317fb57efa171ca83dc19b8062223140ff3d4e12f5c1dee33a5ba82b96962dbe4359a038a9d8ba5cbb2cfd1f94c90226954a3524fe43b81e6a1
  languageName: node
  linkType: hard

"@remix-run/router@npm:1.7.2":
  version: 1.7.2
  resolution: "@remix-run/router@npm:1.7.2"
  checksum: ea43bb662f1f5c93965989b1667fb6e8a301cb69c44341ee92c81cb15ea685b494168e5905593b5777d59058f1455b4b58083d5b895f04382e49362e420d7af4
  languageName: node
  linkType: hard

"app@workspace:.":
  version: 0.0.0-use.local
  resolution: "app@workspace:."
  dependencies:
    "@hotwired/stimulus": ^3.2.1
    "@hotwired/turbo-rails": ^7.3.0
    esbuild: ^0.18.14
    prop-types: ^15.8.1
    react: ^18.2.0
    react-dom: ^18.2.0
    react-paginate: ^8.2.0
    react-plaid-link: ^3.4.0
    react-router-dom: ^6.14.2
  languageName: unknown
  linkType: soft

"esbuild@npm:^0.18.14":
  version: 0.18.15
  resolution: "esbuild@npm:0.18.15"
  dependencies:
    "@esbuild/android-arm": 0.18.15
    "@esbuild/android-arm64": 0.18.15
    "@esbuild/android-x64": 0.18.15
    "@esbuild/darwin-arm64": 0.18.15
    "@esbuild/darwin-x64": 0.18.15
    "@esbuild/freebsd-arm64": 0.18.15
    "@esbuild/freebsd-x64": 0.18.15
    "@esbuild/linux-arm": 0.18.15
    "@esbuild/linux-arm64": 0.18.15
    "@esbuild/linux-ia32": 0.18.15
    "@esbuild/linux-loong64": 0.18.15
    "@esbuild/linux-mips64el": 0.18.15
    "@esbuild/linux-ppc64": 0.18.15
    "@esbuild/linux-riscv64": 0.18.15
    "@esbuild/linux-s390x": 0.18.15
    "@esbuild/linux-x64": 0.18.15
    "@esbuild/netbsd-x64": 0.18.15
    "@esbuild/openbsd-x64": 0.18.15
    "@esbuild/sunos-x64": 0.18.15
    "@esbuild/win32-arm64": 0.18.15
    "@esbuild/win32-ia32": 0.18.15
    "@esbuild/win32-x64": 0.18.15
  dependenciesMeta:
    "@esbuild/android-arm":
      optional: true
    "@esbuild/android-arm64":
      optional: true
    "@esbuild/android-x64":
      optional: true
    "@esbuild/darwin-arm64":
      optional: true
    "@esbuild/darwin-x64":
      optional: true
    "@esbuild/freebsd-arm64":
      optional: true
    "@esbuild/freebsd-x64":
      optional: true
    "@esbuild/linux-arm":
      optional: true
    "@esbuild/linux-arm64":
      optional: true
    "@esbuild/linux-ia32":
      optional: true
    "@esbuild/linux-loong64":
      optional: true
    "@esbuild/linux-mips64el":
      optional: true
    "@esbuild/linux-ppc64":
      optional: true
    "@esbuild/linux-riscv64":
      optional: true
    "@esbuild/linux-s390x":
      optional: true
    "@esbuild/linux-x64":
      optional: true
    "@esbuild/netbsd-x64":
      optional: true
    "@esbuild/openbsd-x64":
      optional: true
    "@esbuild/sunos-x64":
      optional: true
    "@esbuild/win32-arm64":
      optional: true
    "@esbuild/win32-ia32":
      optional: true
    "@esbuild/win32-x64":
      optional: true
  bin:
    esbuild: bin/esbuild
  checksum: 81eb78fb5ff9f4304512e383f518862875fa7a0cce0ef9e0270d80ebd21bf0210d5cd6cf721f8a96ca64cc2d36ade03d9ed80cbcd5e81530b5a7b95ab86f8ca6
  languageName: node
  linkType: hard

"js-tokens@npm:^3.0.0 || ^4.0.0":
  version: 4.0.0
  resolution: "js-tokens@npm:4.0.0"
  checksum: 8a95213a5a77deb6cbe94d86340e8d9ace2b93bc367790b260101d2f36a2eaf4e4e22d9fa9cf459b38af3a32fb4190e638024cf82ec95ef708680e405ea7cc78
  languageName: node
  linkType: hard

"loose-envify@npm:^1.1.0, loose-envify@npm:^1.4.0":
  version: 1.4.0
  resolution: "loose-envify@npm:1.4.0"
  dependencies:
    js-tokens: ^3.0.0 || ^4.0.0
  bin:
    loose-envify: cli.js
  checksum: 6517e24e0cad87ec9888f500c5b5947032cdfe6ef65e1c1936a0c48a524b81e65542c9c3edc91c97d5bddc806ee2a985dbc79be89215d613b1de5db6d1cfe6f4
  languageName: node
  linkType: hard

"object-assign@npm:^4.1.1":
  version: 4.1.1
  resolution: "object-assign@npm:4.1.1"
  checksum: fcc6e4ea8c7fe48abfbb552578b1c53e0d194086e2e6bbbf59e0a536381a292f39943c6e9628af05b5528aa5e3318bb30d6b2e53cadaf5b8fe9e12c4b69af23f
  languageName: node
  linkType: hard

"prop-types@npm:^15, prop-types@npm:^15.7.2, prop-types@npm:^15.8.1":
  version: 15.8.1
  resolution: "prop-types@npm:15.8.1"
  dependencies:
    loose-envify: ^1.4.0
    object-assign: ^4.1.1
    react-is: ^16.13.1
  checksum: c056d3f1c057cb7ff8344c645450e14f088a915d078dcda795041765047fa080d38e5d626560ccaac94a4e16e3aa15f3557c1a9a8d1174530955e992c675e459
  languageName: node
  linkType: hard

"react-dom@npm:^18.2.0":
  version: 18.2.0
  resolution: "react-dom@npm:18.2.0"
  dependencies:
    loose-envify: ^1.1.0
    scheduler: ^0.23.0
  peerDependencies:
    react: ^18.2.0
  checksum: 7d323310bea3a91be2965f9468d552f201b1c27891e45ddc2d6b8f717680c95a75ae0bc1e3f5cf41472446a2589a75aed4483aee8169287909fcd59ad149e8cc
  languageName: node
  linkType: hard

"react-is@npm:^16.13.1":
  version: 16.13.1
  resolution: "react-is@npm:16.13.1"
  checksum: f7a19ac3496de32ca9ae12aa030f00f14a3d45374f1ceca0af707c831b2a6098ef0d6bdae51bd437b0a306d7f01d4677fcc8de7c0d331eb47ad0f46130e53c5f
  languageName: node
  linkType: hard

"react-paginate@npm:^8.2.0":
  version: 8.2.0
  resolution: "react-paginate@npm:8.2.0"
  dependencies:
    prop-types: ^15
  peerDependencies:
    react: ^16 || ^17 || ^18
  checksum: a0969b4ef27be466ef3e052e2c7c61fca60af24e0d10c76770ebd9953ad6131206a276dfc335e61cf35aa494ff3aacc2610682e3192d7f2ee9541928edb46721
  languageName: node
  linkType: hard

"react-plaid-link@npm:^3.4.0":
  version: 3.4.0
  resolution: "react-plaid-link@npm:3.4.0"
  dependencies:
    prop-types: ^15.7.2
    react-script-hook: ^1.6.0
  peerDependencies:
    react: ^16.8.0 || ^17.0.0 || ^18.0.0
    react-dom: ^16.8.0 || ^17.0.0 || ^18.0.0
  checksum: f375c78f7e9b64a61ffbf62d79420ba5a26eb8bb8ef1a246abded8d3f24f093e3d30199d6eaa5fbafd137d0390d6248f238b8fe0ad7e763075fc0f2faa52c123
  languageName: node
  linkType: hard

"react-router-dom@npm:^6.14.2":
  version: 6.14.2
  resolution: "react-router-dom@npm:6.14.2"
  dependencies:
    "@remix-run/router": 1.7.2
    react-router: 6.14.2
  peerDependencies:
    react: ">=16.8"
    react-dom: ">=16.8"
  checksum: a53dbc566ecab7890b829d42d38553684f704803c1f615db1bd6aa2d71542c369a1a79e4385be31ae71a14b72ddbcd0d8b51188248c2bccd44e015050d1927df
  languageName: node
  linkType: hard

"react-router@npm:6.14.2":
  version: 6.14.2
  resolution: "react-router@npm:6.14.2"
  dependencies:
    "@remix-run/router": 1.7.2
  peerDependencies:
    react: ">=16.8"
  checksum: 7507bf5732b3a8ddbd901c2061216eebca73e194449bff58acc1445171e22bdda36b455b8af066e467748ebfb5875b3c0a565941c46af65c6f653a6ed0dc4fe4
  languageName: node
  linkType: hard

"react-script-hook@npm:^1.6.0":
  version: 1.7.2
  resolution: "react-script-hook@npm:1.7.2"
  peerDependencies:
    react: ^16.8.6 || 17 - 18
    react-dom: ^16.8.6 || 17 - 18
  checksum: 74fb5ec2e6ec7eccad64a7a3b7e0d16e01e487d0880e7f123ad7433975707cfed47be604ce5cfd0d5c43d89be3f1a4fad46eba7d0bacd41f810705f30d958fa5
  languageName: node
  linkType: hard

"react@npm:^18.2.0":
  version: 18.2.0
  resolution: "react@npm:18.2.0"
  dependencies:
    loose-envify: ^1.1.0
  checksum: 88e38092da8839b830cda6feef2e8505dec8ace60579e46aa5490fc3dc9bba0bd50336507dc166f43e3afc1c42939c09fe33b25fae889d6f402721dcd78fca1b
  languageName: node
  linkType: hard

"scheduler@npm:^0.23.0":
  version: 0.23.0
  resolution: "scheduler@npm:0.23.0"
  dependencies:
    loose-envify: ^1.1.0
  checksum: d79192eeaa12abef860c195ea45d37cbf2bbf5f66e3c4dcd16f54a7da53b17788a70d109ee3d3dde1a0fd50e6a8fc171f4300356c5aee4fc0171de526bf35f8a
  languageName: node
  linkType: hard
