# This file is generated by running "yarn install" inside your project.
# Manual changes might be lost - proceed with caution!

__metadata:
  version: 6
  cacheKey: 8

"@esbuild/android-arm64@npm:0.19.2":
  version: 0.19.2
  resolution: "@esbuild/android-arm64@npm:0.19.2"
  conditions: os=android & cpu=arm64
  languageName: node
  linkType: hard

"@esbuild/android-arm@npm:0.19.2":
  version: 0.19.2
  resolution: "@esbuild/android-arm@npm:0.19.2"
  conditions: os=android & cpu=arm
  languageName: node
  linkType: hard

"@esbuild/android-x64@npm:0.19.2":
  version: 0.19.2
  resolution: "@esbuild/android-x64@npm:0.19.2"
  conditions: os=android & cpu=x64
  languageName: node
  linkType: hard

"@esbuild/darwin-arm64@npm:0.19.2":
  version: 0.19.2
  resolution: "@esbuild/darwin-arm64@npm:0.19.2"
  conditions: os=darwin & cpu=arm64
  languageName: node
  linkType: hard

"@esbuild/darwin-x64@npm:0.19.2":
  version: 0.19.2
  resolution: "@esbuild/darwin-x64@npm:0.19.2"
  conditions: os=darwin & cpu=x64
  languageName: node
  linkType: hard

"@esbuild/freebsd-arm64@npm:0.19.2":
  version: 0.19.2
  resolution: "@esbuild/freebsd-arm64@npm:0.19.2"
  conditions: os=freebsd & cpu=arm64
  languageName: node
  linkType: hard

"@esbuild/freebsd-x64@npm:0.19.2":
  version: 0.19.2
  resolution: "@esbuild/freebsd-x64@npm:0.19.2"
  conditions: os=freebsd & cpu=x64
  languageName: node
  linkType: hard

"@esbuild/linux-arm64@npm:0.19.2":
  version: 0.19.2
  resolution: "@esbuild/linux-arm64@npm:0.19.2"
  conditions: os=linux & cpu=arm64
  languageName: node
  linkType: hard

"@esbuild/linux-arm@npm:0.19.2":
  version: 0.19.2
  resolution: "@esbuild/linux-arm@npm:0.19.2"
  conditions: os=linux & cpu=arm
  languageName: node
  linkType: hard

"@esbuild/linux-ia32@npm:0.19.2":
  version: 0.19.2
  resolution: "@esbuild/linux-ia32@npm:0.19.2"
  conditions: os=linux & cpu=ia32
  languageName: node
  linkType: hard

"@esbuild/linux-loong64@npm:0.19.2":
  version: 0.19.2
  resolution: "@esbuild/linux-loong64@npm:0.19.2"
  conditions: os=linux & cpu=loong64
  languageName: node
  linkType: hard

"@esbuild/linux-mips64el@npm:0.19.2":
  version: 0.19.2
  resolution: "@esbuild/linux-mips64el@npm:0.19.2"
  conditions: os=linux & cpu=mips64el
  languageName: node
  linkType: hard

"@esbuild/linux-ppc64@npm:0.19.2":
  version: 0.19.2
  resolution: "@esbuild/linux-ppc64@npm:0.19.2"
  conditions: os=linux & cpu=ppc64
  languageName: node
  linkType: hard

"@esbuild/linux-riscv64@npm:0.19.2":
  version: 0.19.2
  resolution: "@esbuild/linux-riscv64@npm:0.19.2"
  conditions: os=linux & cpu=riscv64
  languageName: node
  linkType: hard

"@esbuild/linux-s390x@npm:0.19.2":
  version: 0.19.2
  resolution: "@esbuild/linux-s390x@npm:0.19.2"
  conditions: os=linux & cpu=s390x
  languageName: node
  linkType: hard

"@esbuild/linux-x64@npm:0.19.2":
  version: 0.19.2
  resolution: "@esbuild/linux-x64@npm:0.19.2"
  conditions: os=linux & cpu=x64
  languageName: node
  linkType: hard

"@esbuild/netbsd-x64@npm:0.19.2":
  version: 0.19.2
  resolution: "@esbuild/netbsd-x64@npm:0.19.2"
  conditions: os=netbsd & cpu=x64
  languageName: node
  linkType: hard

"@esbuild/openbsd-x64@npm:0.19.2":
  version: 0.19.2
  resolution: "@esbuild/openbsd-x64@npm:0.19.2"
  conditions: os=openbsd & cpu=x64
  languageName: node
  linkType: hard

"@esbuild/sunos-x64@npm:0.19.2":
  version: 0.19.2
  resolution: "@esbuild/sunos-x64@npm:0.19.2"
  conditions: os=sunos & cpu=x64
  languageName: node
  linkType: hard

"@esbuild/win32-arm64@npm:0.19.2":
  version: 0.19.2
  resolution: "@esbuild/win32-arm64@npm:0.19.2"
  conditions: os=win32 & cpu=arm64
  languageName: node
  linkType: hard

"@esbuild/win32-ia32@npm:0.19.2":
  version: 0.19.2
  resolution: "@esbuild/win32-ia32@npm:0.19.2"
  conditions: os=win32 & cpu=ia32
  languageName: node
  linkType: hard

"@esbuild/win32-x64@npm:0.19.2":
  version: 0.19.2
  resolution: "@esbuild/win32-x64@npm:0.19.2"
  conditions: os=win32 & cpu=x64
  languageName: node
  linkType: hard

"@hotwired/stimulus@npm:^3.2.2":
  version: 3.2.2
  resolution: "@hotwired/stimulus@npm:3.2.2"
  checksum: e0c13469df89f760f35cce0fd7af5f7eeabd4ff79c4ad2b05fe7d8d7b845818c6736c3cd515c1906e144aa27529d5a60377647937b756950b4f709be329c9046
  languageName: node
  linkType: hard

"@hotwired/turbo-rails@npm:^7.3.0":
  version: 7.3.0
  resolution: "@hotwired/turbo-rails@npm:7.3.0"
  dependencies:
    "@hotwired/turbo": ^7.3.0
    "@rails/actioncable": ^7.0
  checksum: 14e29fc7abcf966b652aaa5494398bd4a18559843d57fd5f6db785b3e1d2541c09fcbb979ccbf1dd8ab50d362558ac6bf52a97ce5dc2bbf503059793058b9e97
  languageName: node
  linkType: hard

"@hotwired/turbo@npm:^7.3.0":
  version: 7.3.0
  resolution: "@hotwired/turbo@npm:7.3.0"
  checksum: ccc03c980e4b4636e48ea2132c7d28be1be4f4e6123f63905fbf871e7647369b5c6ce53301443b218d7abf68fa4897eaf614254688108ed6ae303c5040241a97
  languageName: node
  linkType: hard

"@rails/actioncable@npm:^7.0":
  version: 7.0.8
  resolution: "@rails/actioncable@npm:7.0.8"
  checksum: d9b4271ba66c5e771bdb8f1e173f845bf815d7d8dc1fa54bca0b88b2afc67e9a729c9c0a8d8c1b9be13cce2e2339857c95ae1136b1ce75243f4563d25cd44069
  languageName: node
  linkType: hard

"@remix-run/router@npm:1.8.0":
  version: 1.8.0
  resolution: "@remix-run/router@npm:1.8.0"
  checksum: f754f02d3b4fc86791b88acf16065000609e2324b9436027844a76831c7107c0994067cb83abdd6093c282bd518a5c89b5e02aead585782978586e3a04534428
  languageName: node
  linkType: hard

"app@workspace:.":
  version: 0.0.0-use.local
  resolution: "app@workspace:."
  dependencies:
    "@hotwired/stimulus": ^3.2.2
    "@hotwired/turbo-rails": ^7.3.0
    dependency: ^0.0.1
    esbuild: ^0.19.2
    prop-types: ^15.8.1
    react: ^18.2.0
    react-dom: ^18.2.0
    react-paginate: ^8.2.0
    react-plaid-link: ^3.4.0
    react-router-dom: ^6.14.2
  languageName: unknown
  linkType: soft

"async@npm:":
  version: 3.2.4
  resolution: "async@npm:3.2.4"
  checksum: 43d07459a4e1d09b84a20772414aa684ff4de085cbcaec6eea3c7a8f8150e8c62aa6cd4e699fe8ee93c3a5b324e777d34642531875a0817a35697522c1b02e89
  languageName: node
  linkType: hard

"coffee-script@npm:":
  version: 1.12.7
  resolution: "coffee-script@npm:1.12.7"
  bin:
    cake: ./bin/cake
    coffee: ./bin/coffee
  checksum: cce8dd15eda581c4c990aefcb0c8b1973713bae6b905baa5916de60e11bdc497fca68c119df20dff72b77c48e871f1bff200b61053526035a64b993b76a90d71
  languageName: node
  linkType: hard

"deep-is@npm:~0.1.3":
  version: 0.1.4
  resolution: "deep-is@npm:0.1.4"
  checksum: edb65dd0d7d1b9c40b2f50219aef30e116cedd6fc79290e740972c132c09106d2e80aa0bc8826673dd5a00222d4179c84b36a790eef63a4c4bca75a37ef90804
  languageName: node
  linkType: hard

"dependency@npm:^0.0.1":
  version: 0.0.1
  resolution: "dependency@npm:0.0.1"
  dependencies:
    async: ""
    coffee-script: ""
    js2coffee: ""
    underscore: ""
  checksum: 958daa751f2d77aa091d622c5e7cfbb9bb29532df759de611488844d81d0623bbc68f6e92c16292a03ad8b57b5be5301065f38af5dc8bec77caaa5775c74355e
  languageName: node
  linkType: hard

"esbuild@npm:^0.19.2":
  version: 0.19.2
  resolution: "esbuild@npm:0.19.2"
  dependencies:
    "@esbuild/android-arm": 0.19.2
    "@esbuild/android-arm64": 0.19.2
    "@esbuild/android-x64": 0.19.2
    "@esbuild/darwin-arm64": 0.19.2
    "@esbuild/darwin-x64": 0.19.2
    "@esbuild/freebsd-arm64": 0.19.2
    "@esbuild/freebsd-x64": 0.19.2
    "@esbuild/linux-arm": 0.19.2
    "@esbuild/linux-arm64": 0.19.2
    "@esbuild/linux-ia32": 0.19.2
    "@esbuild/linux-loong64": 0.19.2
    "@esbuild/linux-mips64el": 0.19.2
    "@esbuild/linux-ppc64": 0.19.2
    "@esbuild/linux-riscv64": 0.19.2
    "@esbuild/linux-s390x": 0.19.2
    "@esbuild/linux-x64": 0.19.2
    "@esbuild/netbsd-x64": 0.19.2
    "@esbuild/openbsd-x64": 0.19.2
    "@esbuild/sunos-x64": 0.19.2
    "@esbuild/win32-arm64": 0.19.2
    "@esbuild/win32-ia32": 0.19.2
    "@esbuild/win32-x64": 0.19.2
  dependenciesMeta:
    "@esbuild/android-arm":
      optional: true
    "@esbuild/android-arm64":
      optional: true
    "@esbuild/android-x64":
      optional: true
    "@esbuild/darwin-arm64":
      optional: true
    "@esbuild/darwin-x64":
      optional: true
    "@esbuild/freebsd-arm64":
      optional: true
    "@esbuild/freebsd-x64":
      optional: true
    "@esbuild/linux-arm":
      optional: true
    "@esbuild/linux-arm64":
      optional: true
    "@esbuild/linux-ia32":
      optional: true
    "@esbuild/linux-loong64":
      optional: true
    "@esbuild/linux-mips64el":
      optional: true
    "@esbuild/linux-ppc64":
      optional: true
    "@esbuild/linux-riscv64":
      optional: true
    "@esbuild/linux-s390x":
      optional: true
    "@esbuild/linux-x64":
      optional: true
    "@esbuild/netbsd-x64":
      optional: true
    "@esbuild/openbsd-x64":
      optional: true
    "@esbuild/sunos-x64":
      optional: true
    "@esbuild/win32-arm64":
      optional: true
    "@esbuild/win32-ia32":
      optional: true
    "@esbuild/win32-x64":
      optional: true
  bin:
    esbuild: bin/esbuild
  checksum: f9ad8ad4f0cbcc675c059f2676c4458d75307af20f9168859de8642accd7f2b7d6bbe8286a23633790dcba07d1d66a8f63c204ea933a0d51300c1b69d4f25d8f
  languageName: node
  linkType: hard

"escodegen@npm:^1.6.0":
  version: 1.14.3
  resolution: "escodegen@npm:1.14.3"
  dependencies:
    esprima: ^4.0.1
    estraverse: ^4.2.0
    esutils: ^2.0.2
    optionator: ^0.8.1
    source-map: ~0.6.1
  dependenciesMeta:
    source-map:
      optional: true
  bin:
    escodegen: bin/escodegen.js
    esgenerate: bin/esgenerate.js
  checksum: 381cdc4767ecdb221206bbbab021b467bbc2a6f5c9a99c9e6353040080bdd3dfe73d7604ad89a47aca6ea7d58bc635f6bd3fbc8da9a1998e9ddfa8372362ccd0
  languageName: node
  linkType: hard

"esprima@npm:^2.5.0":
  version: 2.7.3
  resolution: "esprima@npm:2.7.3"
  bin:
    esparse: ./bin/esparse.js
    esvalidate: ./bin/esvalidate.js
  checksum: 55584508dca0551885e62c3369bc4a783bd948b43e2f034f05c2a37f3ca398db99f072ab228234e9cab09af8dc8c65d6ca7de3a975f2a296b34d1a3aba7e89f1
  languageName: node
  linkType: hard

"esprima@npm:^4.0.1":
  version: 4.0.1
  resolution: "esprima@npm:4.0.1"
  bin:
    esparse: ./bin/esparse.js
    esvalidate: ./bin/esvalidate.js
  checksum: b45bc805a613dbea2835278c306b91aff6173c8d034223fa81498c77dcbce3b2931bf6006db816f62eacd9fd4ea975dfd85a5b7f3c6402cfd050d4ca3c13a628
  languageName: node
  linkType: hard

"estraverse@npm:^4.1.1, estraverse@npm:^4.2.0":
  version: 4.3.0
  resolution: "estraverse@npm:4.3.0"
  checksum: a6299491f9940bb246124a8d44b7b7a413a8336f5436f9837aaa9330209bd9ee8af7e91a654a3545aee9c54b3308e78ee360cef1d777d37cfef77d2fa33b5827
  languageName: node
  linkType: hard

"esutils@npm:^2.0.2":
  version: 2.0.3
  resolution: "esutils@npm:2.0.3"
  checksum: 22b5b08f74737379a840b8ed2036a5fb35826c709ab000683b092d9054e5c2a82c27818f12604bfc2a9a76b90b6834ef081edbc1c7ae30d1627012e067c6ec87
  languageName: node
  linkType: hard

"fast-levenshtein@npm:~2.0.6":
  version: 2.0.6
  resolution: "fast-levenshtein@npm:2.0.6"
  checksum: 92cfec0a8dfafd9c7a15fba8f2cc29cd0b62b85f056d99ce448bbcd9f708e18ab2764bda4dd5158364f4145a7c72788538994f0d1787b956ef0d1062b0f7c24c
  languageName: node
  linkType: hard

"js-tokens@npm:^3.0.0 || ^4.0.0":
  version: 4.0.0
  resolution: "js-tokens@npm:4.0.0"
  checksum: 8a95213a5a77deb6cbe94d86340e8d9ace2b93bc367790b260101d2f36a2eaf4e4e22d9fa9cf459b38af3a32fb4190e638024cf82ec95ef708680e405ea7cc78
  languageName: node
  linkType: hard

"js2coffee@npm:":
  version: 2.2.0
  resolution: "js2coffee@npm:2.2.0"
  dependencies:
    escodegen: ^1.6.0
    esprima: ^2.5.0
    estraverse: ^4.1.1
    minimist: ^1.1.0
    read-input: ^0.3.1
    source-map: ^0.5.2
  bin:
    js2coffee: ./bin/js2coffee
  checksum: c6146e303415c94195ead09c35b85d152372cfef5ef8189ec471d57ff9c2c9c36f98fd8887ce49d2ed005b5d3977737c71d1f8af65acd0ad966a0eff5505181a
  languageName: node
  linkType: hard

"levn@npm:~0.3.0":
  version: 0.3.0
  resolution: "levn@npm:0.3.0"
  dependencies:
    prelude-ls: ~1.1.2
    type-check: ~0.3.2
  checksum: 0d084a524231a8246bb10fec48cdbb35282099f6954838604f3c7fc66f2e16fa66fd9cc2f3f20a541a113c4dafdf181e822c887c8a319c9195444e6c64ac395e
  languageName: node
  linkType: hard

"loose-envify@npm:^1.1.0, loose-envify@npm:^1.4.0":
  version: 1.4.0
  resolution: "loose-envify@npm:1.4.0"
  dependencies:
    js-tokens: ^3.0.0 || ^4.0.0
  bin:
    loose-envify: cli.js
  checksum: 6517e24e0cad87ec9888f500c5b5947032cdfe6ef65e1c1936a0c48a524b81e65542c9c3edc91c97d5bddc806ee2a985dbc79be89215d613b1de5db6d1cfe6f4
  languageName: node
  linkType: hard

"minimist@npm:^1.1.0":
  version: 1.2.8
  resolution: "minimist@npm:1.2.8"
  checksum: 75a6d645fb122dad29c06a7597bddea977258957ed88d7a6df59b5cd3fe4a527e253e9bbf2e783e4b73657f9098b96a5fe96ab8a113655d4109108577ecf85b0
  languageName: node
  linkType: hard

"object-assign@npm:^4.1.1":
  version: 4.1.1
  resolution: "object-assign@npm:4.1.1"
  checksum: fcc6e4ea8c7fe48abfbb552578b1c53e0d194086e2e6bbbf59e0a536381a292f39943c6e9628af05b5528aa5e3318bb30d6b2e53cadaf5b8fe9e12c4b69af23f
  languageName: node
  linkType: hard

"optionator@npm:^0.8.1":
  version: 0.8.3
  resolution: "optionator@npm:0.8.3"
  dependencies:
    deep-is: ~0.1.3
    fast-levenshtein: ~2.0.6
    levn: ~0.3.0
    prelude-ls: ~1.1.2
    type-check: ~0.3.2
    word-wrap: ~1.2.3
  checksum: b8695ddf3d593203e25ab0900e265d860038486c943ff8b774f596a310f8ceebdb30c6832407a8198ba3ec9debe1abe1f51d4aad94843612db3b76d690c61d34
  languageName: node
  linkType: hard

"prelude-ls@npm:~1.1.2":
  version: 1.1.2
  resolution: "prelude-ls@npm:1.1.2"
  checksum: c4867c87488e4a0c233e158e4d0d5565b609b105d75e4c05dc760840475f06b731332eb93cc8c9cecb840aa8ec323ca3c9a56ad7820ad2e63f0261dadcb154e4
  languageName: node
  linkType: hard

"prop-types@npm:^15, prop-types@npm:^15.7.2, prop-types@npm:^15.8.1":
  version: 15.8.1
  resolution: "prop-types@npm:15.8.1"
  dependencies:
    loose-envify: ^1.4.0
    object-assign: ^4.1.1
    react-is: ^16.13.1
  checksum: c056d3f1c057cb7ff8344c645450e14f088a915d078dcda795041765047fa080d38e5d626560ccaac94a4e16e3aa15f3557c1a9a8d1174530955e992c675e459
  languageName: node
  linkType: hard

"react-dom@npm:^18.2.0":
  version: 18.2.0
  resolution: "react-dom@npm:18.2.0"
  dependencies:
    loose-envify: ^1.1.0
    scheduler: ^0.23.0
  peerDependencies:
    react: ^18.2.0
  checksum: 7d323310bea3a91be2965f9468d552f201b1c27891e45ddc2d6b8f717680c95a75ae0bc1e3f5cf41472446a2589a75aed4483aee8169287909fcd59ad149e8cc
  languageName: node
  linkType: hard

"react-is@npm:^16.13.1":
  version: 16.13.1
  resolution: "react-is@npm:16.13.1"
  checksum: f7a19ac3496de32ca9ae12aa030f00f14a3d45374f1ceca0af707c831b2a6098ef0d6bdae51bd437b0a306d7f01d4677fcc8de7c0d331eb47ad0f46130e53c5f
  languageName: node
  linkType: hard

"react-paginate@npm:^8.2.0":
  version: 8.2.0
  resolution: "react-paginate@npm:8.2.0"
  dependencies:
    prop-types: ^15
  peerDependencies:
    react: ^16 || ^17 || ^18
  checksum: a0969b4ef27be466ef3e052e2c7c61fca60af24e0d10c76770ebd9953ad6131206a276dfc335e61cf35aa494ff3aacc2610682e3192d7f2ee9541928edb46721
  languageName: node
  linkType: hard

"react-plaid-link@npm:^3.4.0":
  version: 3.4.0
  resolution: "react-plaid-link@npm:3.4.0"
  dependencies:
    prop-types: ^15.7.2
    react-script-hook: ^1.6.0
  peerDependencies:
    react: ^16.8.0 || ^17.0.0 || ^18.0.0
    react-dom: ^16.8.0 || ^17.0.0 || ^18.0.0
  checksum: f375c78f7e9b64a61ffbf62d79420ba5a26eb8bb8ef1a246abded8d3f24f093e3d30199d6eaa5fbafd137d0390d6248f238b8fe0ad7e763075fc0f2faa52c123
  languageName: node
  linkType: hard

"react-router-dom@npm:^6.14.2":
  version: 6.15.0
  resolution: "react-router-dom@npm:6.15.0"
  dependencies:
    "@remix-run/router": 1.8.0
    react-router: 6.15.0
  peerDependencies:
    react: ">=16.8"
    react-dom: ">=16.8"
  checksum: 95301837e293654f00934de6a4bdb27bfb06f613503e4cce7a93f19384793729832e7479d50faf3b9457d149014d4df40a3ee3a5193d7e3a3caadb7aaa6ec0f9
  languageName: node
  linkType: hard

"react-router@npm:6.15.0":
  version: 6.15.0
  resolution: "react-router@npm:6.15.0"
  dependencies:
    "@remix-run/router": 1.8.0
  peerDependencies:
    react: ">=16.8"
  checksum: 345b29277e13997f2625f0037f537eaf1955bb9f44ebfea80dd3ff83fc06273f7b64e1be944bfc75945fd2af5af917874133a8a93ed5ecaca523be8f045ae166
  languageName: node
  linkType: hard

"react-script-hook@npm:^1.6.0":
  version: 1.7.2
  resolution: "react-script-hook@npm:1.7.2"
  peerDependencies:
    react: ^16.8.6 || 17 - 18
    react-dom: ^16.8.6 || 17 - 18
  checksum: 74fb5ec2e6ec7eccad64a7a3b7e0d16e01e487d0880e7f123ad7433975707cfed47be604ce5cfd0d5c43d89be3f1a4fad46eba7d0bacd41f810705f30d958fa5
  languageName: node
  linkType: hard

"react@npm:^18.2.0":
  version: 18.2.0
  resolution: "react@npm:18.2.0"
  dependencies:
    loose-envify: ^1.1.0
  checksum: 88e38092da8839b830cda6feef2e8505dec8ace60579e46aa5490fc3dc9bba0bd50336507dc166f43e3afc1c42939c09fe33b25fae889d6f402721dcd78fca1b
  languageName: node
  linkType: hard

"read-input@npm:^0.3.1":
  version: 0.3.1
  resolution: "read-input@npm:0.3.1"
  checksum: 334563e7ba162d56da2329b8e72766de124b0e14ba992c380883f3ee3af20d2fe6018c73ebdd10254dcc8fc5ea93ddf3ec8c3c53f21afda6a22ad55a8ef0811d
  languageName: node
  linkType: hard

"scheduler@npm:^0.23.0":
  version: 0.23.0
  resolution: "scheduler@npm:0.23.0"
  dependencies:
    loose-envify: ^1.1.0
  checksum: d79192eeaa12abef860c195ea45d37cbf2bbf5f66e3c4dcd16f54a7da53b17788a70d109ee3d3dde1a0fd50e6a8fc171f4300356c5aee4fc0171de526bf35f8a
  languageName: node
  linkType: hard

"source-map@npm:^0.5.2":
  version: 0.5.7
  resolution: "source-map@npm:0.5.7"
  checksum: 5dc2043b93d2f194142c7f38f74a24670cd7a0063acdaf4bf01d2964b402257ae843c2a8fa822ad5b71013b5fcafa55af7421383da919752f22ff488bc553f4d
  languageName: node
  linkType: hard

"source-map@npm:~0.6.1":
  version: 0.6.1
  resolution: "source-map@npm:0.6.1"
  checksum: 59ce8640cf3f3124f64ac289012c2b8bd377c238e316fb323ea22fbfe83da07d81e000071d7242cad7a23cd91c7de98e4df8830ec3f133cb6133a5f6e9f67bc2
  languageName: node
  linkType: hard

"type-check@npm:~0.3.2":
  version: 0.3.2
  resolution: "type-check@npm:0.3.2"
  dependencies:
    prelude-ls: ~1.1.2
  checksum: dd3b1495642731bc0e1fc40abe5e977e0263005551ac83342ecb6f4f89551d106b368ec32ad3fb2da19b3bd7b2d1f64330da2ea9176d8ddbfe389fb286eb5124
  languageName: node
  linkType: hard

"underscore@npm:":
  version: 1.13.6
  resolution: "underscore@npm:1.13.6"
  checksum: d5cedd14a9d0d91dd38c1ce6169e4455bb931f0aaf354108e47bd46d3f2da7464d49b2171a5cf786d61963204a42d01ea1332a903b7342ad428deaafaf70ec36
  languageName: node
  linkType: hard

"word-wrap@npm:~1.2.3":
  version: 1.2.5
  resolution: "word-wrap@npm:1.2.5"
  checksum: f93ba3586fc181f94afdaff3a6fef27920b4b6d9eaefed0f428f8e07adea2a7f54a5f2830ce59406c8416f033f86902b91eb824072354645eea687dff3691ccb
  languageName: node
  linkType: hard
